
Microsoft Visual Studio Solution File, Format Version 12.00
# Visual Studio 2013
VisualStudioVersion = 12.0.40629.0
MinimumVisualStudioVersion = 10.0.40219.1
Project("{FAE04EC0-301F-11D3-BF4B-00C04F79EFBC}") = "UIDetector", "UIDetector\UIDetector.csproj", "{FE0CFF59-8256-45C3-B32F-C34827F88EEA}"
	ProjectSection(ProjectDependencies) = postProject
		{12C59CE2-9CF7-44F4-B27C-90754609F979} = {12C59CE2-9CF7-44F4-B27C-90754609F979}
	EndProjectSection
EndProject
Project("{FAE04EC0-301F-11D3-BF4B-00C04F79EFBC}") = "TestStack.White", "TestStack.White\TestStack.White.csproj", "{12C59CE2-9CF7-44F4-B27C-90754609F979}"
EndProject
Global
	GlobalSection(SolutionConfigurationPlatforms) = preSolution
		Debug|Any CPU = Debug|Any CPU
		Release|Any CPU = Release|Any CPU
	EndGlobalSection
	GlobalSection(ProjectConfigurationPlatforms) = postSolution
		{FE0CFF59-8256-45C3-B32F-C34827F88EEA}.Debug|Any CPU.ActiveCfg = Debug|Any CPU
		{FE0CFF59-8256-45C3-B32F-C34827F88EEA}.Debug|Any CPU.Build.0 = Debug|Any CPU
		{FE0CFF59-8256-45C3-B32F-C34827F88EEA}.Release|Any CPU.ActiveCfg = Release|Any CPU
		{FE0CFF59-8256-45C3-B32F-C34827F88EEA}.Release|Any CPU.Build.0 = Release|Any CPU
		{12C59CE2-9CF7-44F4-B27C-90754609F979}.Debug|Any CPU.ActiveCfg = Debug|Any CPU
		{12C59CE2-9CF7-44F4-B27C-90754609F979}.Debug|Any CPU.Build.0 = Debug|Any CPU
		{12C59CE2-9CF7-44F4-B27C-90754609F979}.Release|Any CPU.ActiveCfg = Release|Any CPU
		{12C59CE2-9CF7-44F4-B27C-90754609F979}.Release|Any CPU.Build.0 = Release|Any CPU
	EndGlobalSection
	GlobalSection(SolutionProperties) = preSolution
		HideSolutionNode = FALSE
	EndGlobalSection
EndGlobal
